
Microsoft Visual Studio Solution File, Format Version 12.00
# Visual Studio Version 16
VisualStudioVersion = 16.0.31729.503
MinimumVisualStudioVersion = 10.0.40219.1
Project("{FAE04EC0-301F-11D3-BF4B-00C04F79EFBC}") = "Client", "Client\Client.csproj", "{007E246A-1674-4C43-89D0-17E2504720E2}"
EndProject
Project("{FAE04EC0-301F-11D3-BF4B-00C04F79EFBC}") = "Server", "Server\Server.csproj", "{7E19E007-0DB3-4D86-B349-3B9B45801301}"
EndProject
Project("{9A19103F-16F7-4668-BE54-9A1E7A4F7556}") = "MesajlasmaUygulamaTest", "MesajlasmaUygulamaTest\MesajlasmaUygulamaTest.csproj", "{69A90878-7F13-46D5-8919-B9B7D6C1B3ED}"
EndProject
Global
	GlobalSection(SolutionConfigurationPlatforms) = preSolution
		Debug|Any CPU = Debug|Any CPU
		Release|Any CPU = Release|Any CPU
	EndGlobalSection
	GlobalSection(ProjectConfigurationPlatforms) = postSolution
		{007E246A-1674-4C43-89D0-17E2504720E2}.Debug|Any CPU.ActiveCfg = Debug|Any CPU
		{007E246A-1674-4C43-89D0-17E2504720E2}.Debug|Any CPU.Build.0 = Debug|Any CPU
		{007E246A-1674-4C43-89D0-17E2504720E2}.Release|Any CPU.ActiveCfg = Release|Any CPU
		{007E246A-1674-4C43-89D0-17E2504720E2}.Release|Any CPU.Build.0 = Release|Any CPU
		{7E19E007-0DB3-4D86-B349-3B9B45801301}.Debug|Any CPU.ActiveCfg = Debug|Any CPU
		{7E19E007-0DB3-4D86-B349-3B9B45801301}.Debug|Any CPU.Build.0 = Debug|Any CPU
		{7E19E007-0DB3-4D86-B349-3B9B45801301}.Release|Any CPU.ActiveCfg = Release|Any CPU
		{7E19E007-0DB3-4D86-B349-3B9B45801301}.Release|Any CPU.Build.0 = Release|Any CPU
		{69A90878-7F13-46D5-8919-B9B7D6C1B3ED}.Debug|Any CPU.ActiveCfg = Debug|Any CPU
		{69A90878-7F13-46D5-8919-B9B7D6C1B3ED}.Debug|Any CPU.Build.0 = Debug|Any CPU
		{69A90878-7F13-46D5-8919-B9B7D6C1B3ED}.Release|Any CPU.ActiveCfg = Release|Any CPU
		{69A90878-7F13-46D5-8919-B9B7D6C1B3ED}.Release|Any CPU.Build.0 = Release|Any CPU
	EndGlobalSection
	GlobalSection(SolutionProperties) = preSolution
		HideSolutionNode = FALSE
	EndGlobalSection
	GlobalSection(ExtensibilityGlobals) = postSolution
		SolutionGuid = {D0BB6F4F-B884-41C2-9B7B-BB93BE31391D}
	EndGlobalSection
EndGlobal
